// !$*UTF8*$!
{
	archiveVersion = 1;
	classes = {
	};
	objectVersion = 70;
	objects = {

/* Begin PBXBuildFile section */
		D40A25962EEC7C5C00FC79FD /* RickAndMortyView.swift in Sources */ = {isa = PBXBuildFile; fileRef = D40A25952EEC7C5C00FC79FD /* RickAndMortyView.swift */; };
		D4195B792C5E903000AB597C /* LoadingScreen.swift in Sources */ = {isa = PBXBuildFile; fileRef = D4195B782C5E903000AB597C /* LoadingScreen.swift */; };
		D4195B7B2C5E936B00AB597C /* ImageExtentions.swift in Sources */ = {isa = PBXBuildFile; fileRef = D4195B7A2C5E936B00AB597C /* ImageExtentions.swift */; };
		D42218F22C4C52EA0065D84F /* NetworkCharactersResponse.swift in Sources */ = {isa = PBXBuildFile; fileRef = D42218F12C4C52EA0065D84F /* NetworkCharactersResponse.swift */; };
		D42218F42C4C530B0065D84F /* Info.swift in Sources */ = {isa = PBXBuildFile; fileRef = D42218F32C4C530B0065D84F /* Info.swift */; };
		D43460FD2C4D410900E74F0A /* NetworkServiceImpl.swift in Sources */ = {isa = PBXBuildFile; fileRef = D43460FC2C4D410900E74F0A /* NetworkServiceImpl.swift */; };
		D43460FF2C4D426700E74F0A /* NetworkCharacterResponse.swift in Sources */ = {isa = PBXBuildFile; fileRef = D43460FE2C4D426700E74F0A /* NetworkCharacterResponse.swift */; };
		D43C60D62EC219FD00A25856 /* NetworkResponse.swift in Sources */ = {isa = PBXBuildFile; fileRef = D43C60D52EC219FD00A25856 /* NetworkResponse.swift */; };
		D44947332C591E9C009C785E /* CharacterDetailViewModel.swift in Sources */ = {isa = PBXBuildFile; fileRef = D44947322C591E9C009C785E /* CharacterDetailViewModel.swift */; };
		D453E6DC2C4FD21E004A1B21 /* NetworkCalls.swift in Sources */ = {isa = PBXBuildFile; fileRef = D453E6DB2C4FD21E004A1B21 /* NetworkCalls.swift */; };
		D461CE8F2EDDCA7500555FD5 /* EmptyScreen.swift in Sources */ = {isa = PBXBuildFile; fileRef = D461CE8E2EDDCA7500555FD5 /* EmptyScreen.swift */; };
		D473C92F2EBE4C050024327F /* CharacterListScreen.swift in Sources */ = {isa = PBXBuildFile; fileRef = D473C92E2EBE4C050024327F /* CharacterListScreen.swift */; };
		D481388D2EC37F700080E34E /* CharacterListItem.swift in Sources */ = {isa = PBXBuildFile; fileRef = D481388C2EC37F700080E34E /* CharacterListItem.swift */; };
		D48138AA2EC3857C0080E34E /* CharacterExtention.swift in Sources */ = {isa = PBXBuildFile; fileRef = D48138A92EC3857C0080E34E /* CharacterExtention.swift */; };
		D48138AC2EC387210080E34E /* ViewExtentions.swift in Sources */ = {isa = PBXBuildFile; fileRef = D48138AB2EC387210080E34E /* ViewExtentions.swift */; };
		D4835B782EDDD36800BEFB0D /* Character.swift in Sources */ = {isa = PBXBuildFile; fileRef = D4835B772EDDD36800BEFB0D /* Character.swift */; };
		D4835B7A2EDDD75100BEFB0D /* Mappers.swift in Sources */ = {isa = PBXBuildFile; fileRef = D4835B792EDDD75100BEFB0D /* Mappers.swift */; };
		D4BD150C2C4C0FFC0044396E /* rick_and_morty_swiftuiApp.swift in Sources */ = {isa = PBXBuildFile; fileRef = D4BD150B2C4C0FFC0044396E /* rick_and_morty_swiftuiApp.swift */; };
		D4BD150E2C4C0FFC0044396E /* ContentView.swift in Sources */ = {isa = PBXBuildFile; fileRef = D4BD150D2C4C0FFC0044396E /* ContentView.swift */; };
		D4BD15102C4C0FFC0044396E /* Item.swift in Sources */ = {isa = PBXBuildFile; fileRef = D4BD150F2C4C0FFC0044396E /* Item.swift */; };
		D4BD15122C4C0FFC0044396E /* Assets.xcassets in Resources */ = {isa = PBXBuildFile; fileRef = D4BD15112C4C0FFC0044396E /* Assets.xcassets */; };
		D4BD15152C4C0FFC0044396E /* Preview Assets.xcassets in Resources */ = {isa = PBXBuildFile; fileRef = D4BD15142C4C0FFC0044396E /* Preview Assets.xcassets */; };
		D4BD15292C4C0FFD0044396E /* rick_and_morty_swiftuiUITests.swift in Sources */ = {isa = PBXBuildFile; fileRef = D4BD15282C4C0FFD0044396E /* rick_and_morty_swiftuiUITests.swift */; };
		D4BD152B2C4C0FFD0044396E /* rick_and_morty_swiftuiUITestsLaunchTests.swift in Sources */ = {isa = PBXBuildFile; fileRef = D4BD152A2C4C0FFD0044396E /* rick_and_morty_swiftuiUITestsLaunchTests.swift */; };
		D4D9161F2C4C1E6E009191C7 /* NetworkService.swift in Sources */ = {isa = PBXBuildFile; fileRef = D4D9161E2C4C1E6E009191C7 /* NetworkService.swift */; };
		D4D916222C4C1F07009191C7 /* NetworkCharacter.swift in Sources */ = {isa = PBXBuildFile; fileRef = D4D916212C4C1F07009191C7 /* NetworkCharacter.swift */; };
		D4F040F42C591529007ACC4A /* CharacterDetailScreen.swift in Sources */ = {isa = PBXBuildFile; fileRef = D4F040F32C591529007ACC4A /* CharacterDetailScreen.swift */; };
		D4F040F62C59159A007ACC4A /* CharacterState.swift in Sources */ = {isa = PBXBuildFile; fileRef = D4F040F52C59159A007ACC4A /* CharacterState.swift */; };
		D4FCDCA52C9C3956000262A2 /* CharacterListViewModel.swift in Sources */ = {isa = PBXBuildFile; fileRef = D4FCDCA42C9C394A000262A2 /* CharacterListViewModel.swift */; };
		D4FCDCA72C9C3A05000262A2 /* CharacterListState.swift in Sources */ = {isa = PBXBuildFile; fileRef = D4FCDCA62C9C39F8000262A2 /* CharacterListState.swift */; };
/* End PBXBuildFile section */

/* Begin PBXContainerItemProxy section */
		D4BD151B2C4C0FFD0044396E /* PBXContainerItemProxy */ = {
			isa = PBXContainerItemProxy;
			containerPortal = D4BD15002C4C0FFC0044396E /* Project object */;
			proxyType = 1;
			remoteGlobalIDString = D4BD15072C4C0FFC0044396E;
			remoteInfo = "rick and morty swiftui";
		};
		D4BD15252C4C0FFD0044396E /* PBXContainerItemProxy */ = {
			isa = PBXContainerItemProxy;
			containerPortal = D4BD15002C4C0FFC0044396E /* Project object */;
			proxyType = 1;
			remoteGlobalIDString = D4BD15072C4C0FFC0044396E;
			remoteInfo = "rick and morty swiftui";
		};
		D4D19C272CA29C57002DB103 /* PBXContainerItemProxy */ = {
			isa = PBXContainerItemProxy;
			containerPortal = D4BD15002C4C0FFC0044396E /* Project object */;
			proxyType = 1;
			remoteGlobalIDString = D4BD15072C4C0FFC0044396E;
			remoteInfo = "rick and morty swiftui";
		};
/* End PBXContainerItemProxy section */

/* Begin PBXFileReference section */
		D40A25952EEC7C5C00FC79FD /* RickAndMortyView.swift */ = {isa = PBXFileReference; lastKnownFileType = sourcecode.swift; path = RickAndMortyView.swift; sourceTree = "<group>"; };
		D4195B782C5E903000AB597C /* LoadingScreen.swift */ = {isa = PBXFileReference; lastKnownFileType = sourcecode.swift; path = LoadingScreen.swift; sourceTree = "<group>"; };
		D4195B7A2C5E936B00AB597C /* ImageExtentions.swift */ = {isa = PBXFileReference; lastKnownFileType = sourcecode.swift; path = ImageExtentions.swift; sourceTree = "<group>"; };
		D42218F12C4C52EA0065D84F /* NetworkCharactersResponse.swift */ = {isa = PBXFileReference; lastKnownFileType = sourcecode.swift; path = NetworkCharactersResponse.swift; sourceTree = "<group>"; };
		D42218F32C4C530B0065D84F /* Info.swift */ = {isa = PBXFileReference; lastKnownFileType = sourcecode.swift; path = Info.swift; sourceTree = "<group>"; };
		D43460FC2C4D410900E74F0A /* NetworkServiceImpl.swift */ = {isa = PBXFileReference; lastKnownFileType = sourcecode.swift; path = NetworkServiceImpl.swift; sourceTree = "<group>"; };
		D43460FE2C4D426700E74F0A /* NetworkCharacterResponse.swift */ = {isa = PBXFileReference; lastKnownFileType = sourcecode.swift; path = NetworkCharacterResponse.swift; sourceTree = "<group>"; };
		D43C60D52EC219FD00A25856 /* NetworkResponse.swift */ = {isa = PBXFileReference; lastKnownFileType = sourcecode.swift; path = NetworkResponse.swift; sourceTree = "<group>"; };
		D44947322C591E9C009C785E /* CharacterDetailViewModel.swift */ = {isa = PBXFileReference; lastKnownFileType = sourcecode.swift; path = CharacterDetailViewModel.swift; sourceTree = "<group>"; };
		D453E6DB2C4FD21E004A1B21 /* NetworkCalls.swift */ = {isa = PBXFileReference; lastKnownFileType = sourcecode.swift; path = NetworkCalls.swift; sourceTree = "<group>"; };
		D461CE8E2EDDCA7500555FD5 /* EmptyScreen.swift */ = {isa = PBXFileReference; lastKnownFileType = sourcecode.swift; path = EmptyScreen.swift; sourceTree = "<group>"; };
		D473C92E2EBE4C050024327F /* CharacterListScreen.swift */ = {isa = PBXFileReference; lastKnownFileType = sourcecode.swift; path = CharacterListScreen.swift; sourceTree = "<group>"; };
		D481388C2EC37F700080E34E /* CharacterListItem.swift */ = {isa = PBXFileReference; lastKnownFileType = sourcecode.swift; path = CharacterListItem.swift; sourceTree = "<group>"; };
		D48138A92EC3857C0080E34E /* CharacterExtention.swift */ = {isa = PBXFileReference; lastKnownFileType = sourcecode.swift; path = CharacterExtention.swift; sourceTree = "<group>"; };
		D48138AB2EC387210080E34E /* ViewExtentions.swift */ = {isa = PBXFileReference; lastKnownFileType = sourcecode.swift; path = ViewExtentions.swift; sourceTree = "<group>"; };
		D4835B772EDDD36800BEFB0D /* Character.swift */ = {isa = PBXFileReference; lastKnownFileType = sourcecode.swift; path = Character.swift; sourceTree = "<group>"; };
		D4835B792EDDD75100BEFB0D /* Mappers.swift */ = {isa = PBXFileReference; lastKnownFileType = sourcecode.swift; path = Mappers.swift; sourceTree = "<group>"; };
		D4BD15082C4C0FFC0044396E /* rick and morty swiftui.app */ = {isa = PBXFileReference; explicitFileType = wrapper.application; includeInIndex = 0; path = "rick and morty swiftui.app"; sourceTree = BUILT_PRODUCTS_DIR; };
		D4BD150B2C4C0FFC0044396E /* rick_and_morty_swiftuiApp.swift */ = {isa = PBXFileReference; lastKnownFileType = sourcecode.swift; path = rick_and_morty_swiftuiApp.swift; sourceTree = "<group>"; };
		D4BD150D2C4C0FFC0044396E /* ContentView.swift */ = {isa = PBXFileReference; lastKnownFileType = sourcecode.swift; path = ContentView.swift; sourceTree = "<group>"; };
		D4BD150F2C4C0FFC0044396E /* Item.swift */ = {isa = PBXFileReference; lastKnownFileType = sourcecode.swift; path = Item.swift; sourceTree = "<group>"; };
		D4BD15112C4C0FFC0044396E /* Assets.xcassets */ = {isa = PBXFileReference; lastKnownFileType = folder.assetcatalog; path = Assets.xcassets; sourceTree = "<group>"; };
		D4BD15142C4C0FFC0044396E /* Preview Assets.xcassets */ = {isa = PBXFileReference; lastKnownFileType = folder.assetcatalog; path = "Preview Assets.xcassets"; sourceTree = "<group>"; };
		D4BD151A2C4C0FFD0044396E /* rick and morty swiftuiTests.xctest */ = {isa = PBXFileReference; explicitFileType = wrapper.cfbundle; includeInIndex = 0; path = "rick and morty swiftuiTests.xctest"; sourceTree = BUILT_PRODUCTS_DIR; };
		D4BD15242C4C0FFD0044396E /* rick and morty swiftuiUITests.xctest */ = {isa = PBXFileReference; explicitFileType = wrapper.cfbundle; includeInIndex = 0; path = "rick and morty swiftuiUITests.xctest"; sourceTree = BUILT_PRODUCTS_DIR; };
		D4BD15282C4C0FFD0044396E /* rick_and_morty_swiftuiUITests.swift */ = {isa = PBXFileReference; lastKnownFileType = sourcecode.swift; path = rick_and_morty_swiftuiUITests.swift; sourceTree = "<group>"; };
		D4BD152A2C4C0FFD0044396E /* rick_and_morty_swiftuiUITestsLaunchTests.swift */ = {isa = PBXFileReference; lastKnownFileType = sourcecode.swift; path = rick_and_morty_swiftuiUITestsLaunchTests.swift; sourceTree = "<group>"; };
		D4D19C232CA29C57002DB103 /* UnitTests.xctest */ = {isa = PBXFileReference; explicitFileType = wrapper.cfbundle; includeInIndex = 0; path = UnitTests.xctest; sourceTree = BUILT_PRODUCTS_DIR; };
		D4D9161E2C4C1E6E009191C7 /* NetworkService.swift */ = {isa = PBXFileReference; lastKnownFileType = sourcecode.swift; path = NetworkService.swift; sourceTree = "<group>"; };
		D4D916212C4C1F07009191C7 /* NetworkCharacter.swift */ = {isa = PBXFileReference; lastKnownFileType = sourcecode.swift; path = NetworkCharacter.swift; sourceTree = "<group>"; };
		D4F040F32C591529007ACC4A /* CharacterDetailScreen.swift */ = {isa = PBXFileReference; lastKnownFileType = sourcecode.swift; path = CharacterDetailScreen.swift; sourceTree = "<group>"; };
		D4F040F52C59159A007ACC4A /* CharacterState.swift */ = {isa = PBXFileReference; lastKnownFileType = sourcecode.swift; path = CharacterState.swift; sourceTree = "<group>"; };
		D4FCDCA42C9C394A000262A2 /* CharacterListViewModel.swift */ = {isa = PBXFileReference; lastKnownFileType = sourcecode.swift; path = CharacterListViewModel.swift; sourceTree = "<group>"; };
		D4FCDCA62C9C39F8000262A2 /* CharacterListState.swift */ = {isa = PBXFileReference; lastKnownFileType = sourcecode.swift; path = CharacterListState.swift; sourceTree = "<group>"; };
/* End PBXFileReference section */

/* Begin PBXFileSystemSynchronizedBuildFileExceptionSet section */
		D4D19C302CA29C64002DB103 /* PBXFileSystemSynchronizedBuildFileExceptionSet */ = {
			isa = PBXFileSystemSynchronizedBuildFileExceptionSet;
			membershipExceptions = (
				data/models/InfoTest.swift,
				rick_and_morty_swiftuiTests.swift,
			);
			target = D4BD15192C4C0FFD0044396E /* rick and morty swiftuiTests */;
		};
		D4D19C312CA29C64002DB103 /* PBXFileSystemSynchronizedBuildFileExceptionSet */ = {
			isa = PBXFileSystemSynchronizedBuildFileExceptionSet;
			membershipExceptions = (
				data/models/InfoTest.swift,
				rick_and_morty_swiftuiTests.swift,
			);
			target = D4D19C222CA29C57002DB103 /* UnitTests */;
		};
/* End PBXFileSystemSynchronizedBuildFileExceptionSet section */

/* Begin PBXFileSystemSynchronizedRootGroup section */
		D4D19C242CA29C57002DB103 /* UnitTests */ = {isa = PBXFileSystemSynchronizedRootGroup; exceptions = (D4D19C302CA29C64002DB103 /* PBXFileSystemSynchronizedBuildFileExceptionSet */, D4D19C312CA29C64002DB103 /* PBXFileSystemSynchronizedBuildFileExceptionSet */, ); explicitFileTypes = {}; explicitFolders = (); path = UnitTests; sourceTree = "<group>"; };
/* End PBXFileSystemSynchronizedRootGroup section */

/* Begin PBXFrameworksBuildPhase section */
		D4BD15052C4C0FFC0044396E /* Frameworks */ = {
			isa = PBXFrameworksBuildPhase;
			buildActionMask = 2147483647;
			files = (
			);
			runOnlyForDeploymentPostprocessing = 0;
		};
		D4BD15172C4C0FFD0044396E /* Frameworks */ = {
			isa = PBXFrameworksBuildPhase;
			buildActionMask = 2147483647;
			files = (
			);
			runOnlyForDeploymentPostprocessing = 0;
		};
		D4BD15212C4C0FFD0044396E /* Frameworks */ = {
			isa = PBXFrameworksBuildPhase;
			buildActionMask = 2147483647;
			files = (
			);
			runOnlyForDeploymentPostprocessing = 0;
		};
		D4D19C202CA29C57002DB103 /* Frameworks */ = {
			isa = PBXFrameworksBuildPhase;
			buildActionMask = 2147483647;
			files = (
			);
			runOnlyForDeploymentPostprocessing = 0;
		};
/* End PBXFrameworksBuildPhase section */

/* Begin PBXGroup section */
		D4195B772C5E900E00AB597C /* components */ = {
			isa = PBXGroup;
			children = (
				D4195B782C5E903000AB597C /* LoadingScreen.swift */,
				D4195B7A2C5E936B00AB597C /* ImageExtentions.swift */,
				D48138A92EC3857C0080E34E /* CharacterExtention.swift */,
				D48138AB2EC387210080E34E /* ViewExtentions.swift */,
			);
			path = components;
			sourceTree = "<group>";
		};
		D48EC9962EDF3E89005275D7 /* core */ = {
			isa = PBXGroup;
			children = (
				D4D9161D2C4C1E59009191C7 /* network */,
				D4BD15372C4C10340044396E /* data */,
				D4195B772C5E900E00AB597C /* components */,
			);
			path = core;
			sourceTree = "<group>";
		};
		D4BD14FF2C4C0FFC0044396E = {
			isa = PBXGroup;
			children = (
				D4BD150A2C4C0FFC0044396E /* rick and morty swiftui */,
				D4BD15272C4C0FFD0044396E /* rick and morty swiftuiUITests */,
				D4D19C242CA29C57002DB103 /* UnitTests */,
				D4BD15092C4C0FFC0044396E /* Products */,
			);
			sourceTree = "<group>";
		};
		D4BD15092C4C0FFC0044396E /* Products */ = {
			isa = PBXGroup;
			children = (
				D4BD15082C4C0FFC0044396E /* rick and morty swiftui.app */,
				D4BD151A2C4C0FFD0044396E /* rick and morty swiftuiTests.xctest */,
				D4BD15242C4C0FFD0044396E /* rick and morty swiftuiUITests.xctest */,
				D4D19C232CA29C57002DB103 /* UnitTests.xctest */,
			);
			name = Products;
			sourceTree = "<group>";
		};
		D4BD150A2C4C0FFC0044396E /* rick and morty swiftui */ = {
			isa = PBXGroup;
			children = (
				D48EC9962EDF3E89005275D7 /* core */,
				D4F040EF2C5914C6007ACC4A /* features */,
				D4BD150B2C4C0FFC0044396E /* rick_and_morty_swiftuiApp.swift */,
				D4BD150D2C4C0FFC0044396E /* ContentView.swift */,
				D4BD15112C4C0FFC0044396E /* Assets.xcassets */,
				D4BD15132C4C0FFC0044396E /* Preview Content */,
				D40A25952EEC7C5C00FC79FD /* RickAndMortyView.swift */,
			);
			path = "rick and morty swiftui";
			sourceTree = "<group>";
		};
		D4BD15132C4C0FFC0044396E /* Preview Content */ = {
			isa = PBXGroup;
			children = (
				D4BD15142C4C0FFC0044396E /* Preview Assets.xcassets */,
			);
			path = "Preview Content";
			sourceTree = "<group>";
		};
		D4BD15272C4C0FFD0044396E /* rick and morty swiftuiUITests */ = {
			isa = PBXGroup;
			children = (
				D4BD15282C4C0FFD0044396E /* rick_and_morty_swiftuiUITests.swift */,
				D4BD152A2C4C0FFD0044396E /* rick_and_morty_swiftuiUITestsLaunchTests.swift */,
			);
			path = "rick and morty swiftuiUITests";
			sourceTree = "<group>";
		};
		D4BD15372C4C10340044396E /* data */ = {
			isa = PBXGroup;
			children = (
				D4D916202C4C1EF4009191C7 /* models */,
			);
			path = data;
			sourceTree = "<group>";
		};
		D4D9161D2C4C1E59009191C7 /* network */ = {
			isa = PBXGroup;
			children = (
				D4D9161E2C4C1E6E009191C7 /* NetworkService.swift */,
				D43460FC2C4D410900E74F0A /* NetworkServiceImpl.swift */,
				D453E6DB2C4FD21E004A1B21 /* NetworkCalls.swift */,
			);
			path = network;
			sourceTree = "<group>";
		};
		D4D916202C4C1EF4009191C7 /* models */ = {
			isa = PBXGroup;
			children = (
				D4BD150F2C4C0FFC0044396E /* Item.swift */,
				D4D916212C4C1F07009191C7 /* NetworkCharacter.swift */,
				D42218F12C4C52EA0065D84F /* NetworkCharactersResponse.swift */,
				D42218F32C4C530B0065D84F /* Info.swift */,
				D43460FE2C4D426700E74F0A /* NetworkCharacterResponse.swift */,
				D4835B792EDDD75100BEFB0D /* Mappers.swift */,
				D43C60D52EC219FD00A25856 /* NetworkResponse.swift */,
				D4835B772EDDD36800BEFB0D /* Character.swift */,
			);
			path = models;
			sourceTree = "<group>";
		};
		D4F040EF2C5914C6007ACC4A /* features */ = {
			isa = PBXGroup;
			children = (
				D4F040F02C5914E3007ACC4A /* character */,
			);
			path = features;
			sourceTree = "<group>";
		};
		D4F040F02C5914E3007ACC4A /* character */ = {
			isa = PBXGroup;
			children = (
				D4F040F22C591502007ACC4A /* detail */,
				D4F040F12C5914FA007ACC4A /* list */,
			);
			path = character;
			sourceTree = "<group>";
		};
		D4F040F12C5914FA007ACC4A /* list */ = {
			isa = PBXGroup;
			children = (
				D4FCDCA62C9C39F8000262A2 /* CharacterListState.swift */,
				D4FCDCA42C9C394A000262A2 /* CharacterListViewModel.swift */,
				D473C92E2EBE4C050024327F /* CharacterListScreen.swift */,
				D481388C2EC37F700080E34E /* CharacterListItem.swift */,
				D461CE8E2EDDCA7500555FD5 /* EmptyScreen.swift */,
			);
			path = list;
			sourceTree = "<group>";
		};
		D4F040F22C591502007ACC4A /* detail */ = {
			isa = PBXGroup;
			children = (
				D4F040F32C591529007ACC4A /* CharacterDetailScreen.swift */,
				D4F040F52C59159A007ACC4A /* CharacterState.swift */,
				D44947322C591E9C009C785E /* CharacterDetailViewModel.swift */,
			);
			path = detail;
			sourceTree = "<group>";
		};
/* End PBXGroup section */

/* Begin PBXNativeTarget section */
		D4BD15072C4C0FFC0044396E /* rick and morty swiftui */ = {
			isa = PBXNativeTarget;
			buildConfigurationList = D4BD152E2C4C0FFD0044396E /* Build configuration list for PBXNativeTarget "rick and morty swiftui" */;
			buildPhases = (
				D4BD15042C4C0FFC0044396E /* Sources */,
				D4BD15052C4C0FFC0044396E /* Frameworks */,
				D4BD15062C4C0FFC0044396E /* Resources */,
			);
			buildRules = (
			);
			dependencies = (
			);
			name = "rick and morty swiftui";
			productName = "rick and morty swiftui";
			productReference = D4BD15082C4C0FFC0044396E /* rick and morty swiftui.app */;
			productType = "com.apple.product-type.application";
		};
		D4BD15192C4C0FFD0044396E /* rick and morty swiftuiTests */ = {
			isa = PBXNativeTarget;
			buildConfigurationList = D4BD15312C4C0FFD0044396E /* Build configuration list for PBXNativeTarget "rick and morty swiftuiTests" */;
			buildPhases = (
				D4BD15162C4C0FFD0044396E /* Sources */,
				D4BD15172C4C0FFD0044396E /* Frameworks */,
				D4BD15182C4C0FFD0044396E /* Resources */,
			);
			buildRules = (
			);
			dependencies = (
				D4BD151C2C4C0FFD0044396E /* PBXTargetDependency */,
			);
			name = "rick and morty swiftuiTests";
			productName = "rick and morty swiftuiTests";
			productReference = D4BD151A2C4C0FFD0044396E /* rick and morty swiftuiTests.xctest */;
			productType = "com.apple.product-type.bundle.unit-test";
		};
		D4BD15232C4C0FFD0044396E /* rick and morty swiftuiUITests */ = {
			isa = PBXNativeTarget;
			buildConfigurationList = D4BD15342C4C0FFD0044396E /* Build configuration list for PBXNativeTarget "rick and morty swiftuiUITests" */;
			buildPhases = (
				D4BD15202C4C0FFD0044396E /* Sources */,
				D4BD15212C4C0FFD0044396E /* Frameworks */,
				D4BD15222C4C0FFD0044396E /* Resources */,
			);
			buildRules = (
			);
			dependencies = (
				D4BD15262C4C0FFD0044396E /* PBXTargetDependency */,
			);
			name = "rick and morty swiftuiUITests";
			productName = "rick and morty swiftuiUITests";
			productReference = D4BD15242C4C0FFD0044396E /* rick and morty swiftuiUITests.xctest */;
			productType = "com.apple.product-type.bundle.ui-testing";
		};
		D4D19C222CA29C57002DB103 /* UnitTests */ = {
			isa = PBXNativeTarget;
			buildConfigurationList = D4D19C2B2CA29C57002DB103 /* Build configuration list for PBXNativeTarget "UnitTests" */;
			buildPhases = (
				D4D19C1F2CA29C57002DB103 /* Sources */,
				D4D19C202CA29C57002DB103 /* Frameworks */,
				D4D19C212CA29C57002DB103 /* Resources */,
			);
			buildRules = (
			);
			dependencies = (
				D4D19C282CA29C57002DB103 /* PBXTargetDependency */,
			);
			fileSystemSynchronizedGroups = (
				D4D19C242CA29C57002DB103 /* UnitTests */,
			);
			name = UnitTests;
			packageProductDependencies = (
			);
			productName = UnitTests;
			productReference = D4D19C232CA29C57002DB103 /* UnitTests.xctest */;
			productType = "com.apple.product-type.bundle.unit-test";
		};
/* End PBXNativeTarget section */

/* Begin PBXProject section */
		D4BD15002C4C0FFC0044396E /* Project object */ = {
			isa = PBXProject;
			attributes = {
				BuildIndependentTargetsInParallel = 1;
				LastSwiftUpdateCheck = 1600;
				LastUpgradeCheck = 1540;
				TargetAttributes = {
					D4BD15072C4C0FFC0044396E = {
						CreatedOnToolsVersion = 15.4;
					};
					D4BD15192C4C0FFD0044396E = {
						CreatedOnToolsVersion = 15.4;
						TestTargetID = D4BD15072C4C0FFC0044396E;
					};
					D4BD15232C4C0FFD0044396E = {
						CreatedOnToolsVersion = 15.4;
						TestTargetID = D4BD15072C4C0FFC0044396E;
					};
					D4D19C222CA29C57002DB103 = {
						CreatedOnToolsVersion = 16.0;
						TestTargetID = D4BD15072C4C0FFC0044396E;
					};
				};
			};
			buildConfigurationList = D4BD15032C4C0FFC0044396E /* Build configuration list for PBXProject "rick and morty swiftui" */;
			compatibilityVersion = "Xcode 14.0";
			developmentRegion = en;
			hasScannedForEncodings = 0;
			knownRegions = (
				en,
				Base,
			);
			mainGroup = D4BD14FF2C4C0FFC0044396E;
			productRefGroup = D4BD15092C4C0FFC0044396E /* Products */;
			projectDirPath = "";
			projectRoot = "";
			targets = (
				D4BD15072C4C0FFC0044396E /* rick and morty swiftui */,
				D4BD15192C4C0FFD0044396E /* rick and morty swiftuiTests */,
				D4BD15232C4C0FFD0044396E /* rick and morty swiftuiUITests */,
				D4D19C222CA29C57002DB103 /* UnitTests */,
			);
		};
/* End PBXProject section */

/* Begin PBXResourcesBuildPhase section */
		D4BD15062C4C0FFC0044396E /* Resources */ = {
			isa = PBXResourcesBuildPhase;
			buildActionMask = 2147483647;
			files = (
				D4BD15152C4C0FFC0044396E /* Preview Assets.xcassets in Resources */,
				D4BD15122C4C0FFC0044396E /* Assets.xcassets in Resources */,
			);
			runOnlyForDeploymentPostprocessing = 0;
		};
		D4BD15182C4C0FFD0044396E /* Resources */ = {
			isa = PBXResourcesBuildPhase;
			buildActionMask = 2147483647;
			files = (
			);
			runOnlyForDeploymentPostprocessing = 0;
		};
		D4BD15222C4C0FFD0044396E /* Resources */ = {
			isa = PBXResourcesBuildPhase;
			buildActionMask = 2147483647;
			files = (
			);
			runOnlyForDeploymentPostprocessing = 0;
		};
		D4D19C212CA29C57002DB103 /* Resources */ = {
			isa = PBXResourcesBuildPhase;
			buildActionMask = 2147483647;
			files = (
			);
			runOnlyForDeploymentPostprocessing = 0;
		};
/* End PBXResourcesBuildPhase section */

/* Begin PBXSourcesBuildPhase section */
		D4BD15042C4C0FFC0044396E /* Sources */ = {
			isa = PBXSourcesBuildPhase;
			buildActionMask = 2147483647;
			files = (
				D4835B7A2EDDD75100BEFB0D /* Mappers.swift in Sources */,
				D43460FD2C4D410900E74F0A /* NetworkServiceImpl.swift in Sources */,
				D4BD150E2C4C0FFC0044396E /* ContentView.swift in Sources */,
				D461CE8F2EDDCA7500555FD5 /* EmptyScreen.swift in Sources */,
				D4195B7B2C5E936B00AB597C /* ImageExtentions.swift in Sources */,
				D4BD15102C4C0FFC0044396E /* Item.swift in Sources */,
				D4D916222C4C1F07009191C7 /* NetworkCharacter.swift in Sources */,
				D453E6DC2C4FD21E004A1B21 /* NetworkCalls.swift in Sources */,
				D481388D2EC37F700080E34E /* CharacterListItem.swift in Sources */,
				D42218F22C4C52EA0065D84F /* NetworkCharactersResponse.swift in Sources */,
				D43460FF2C4D426700E74F0A /* NetworkCharacterResponse.swift in Sources */,
				D4D9161F2C4C1E6E009191C7 /* NetworkService.swift in Sources */,
				D48138AA2EC3857C0080E34E /* CharacterExtention.swift in Sources */,
				D48138AC2EC387210080E34E /* ViewExtentions.swift in Sources */,
				D4195B792C5E903000AB597C /* LoadingScreen.swift in Sources */,
				D4FCDCA72C9C3A05000262A2 /* CharacterListState.swift in Sources */,
				D4835B782EDDD36800BEFB0D /* Character.swift in Sources */,
				D4F040F62C59159A007ACC4A /* CharacterState.swift in Sources */,
				D4BD150C2C4C0FFC0044396E /* rick_and_morty_swiftuiApp.swift in Sources */,
				D473C92F2EBE4C050024327F /* CharacterListScreen.swift in Sources */,
				D4FCDCA52C9C3956000262A2 /* CharacterListViewModel.swift in Sources */,
				D43C60D62EC219FD00A25856 /* NetworkResponse.swift in Sources */,
				D42218F42C4C530B0065D84F /* Info.swift in Sources */,
				D44947332C591E9C009C785E /* CharacterDetailViewModel.swift in Sources */,
				D4F040F42C591529007ACC4A /* CharacterDetailScreen.swift in Sources */,
				D40A25962EEC7C5C00FC79FD /* RickAndMortyView.swift in Sources */,
			);
			runOnlyForDeploymentPostprocessing = 0;
		};
		D4BD15162C4C0FFD0044396E /* Sources */ = {
			isa = PBXSourcesBuildPhase;
			buildActionMask = 2147483647;
			files = (
			);
			runOnlyForDeploymentPostprocessing = 0;
		};
		D4BD15202C4C0FFD0044396E /* Sources */ = {
			isa = PBXSourcesBuildPhase;
			buildActionMask = 2147483647;
			files = (
				D4BD15292C4C0FFD0044396E /* rick_and_morty_swiftuiUITests.swift in Sources */,
				D4BD152B2C4C0FFD0044396E /* rick_and_morty_swiftuiUITestsLaunchTests.swift in Sources */,
			);
			runOnlyForDeploymentPostprocessing = 0;
		};
		D4D19C1F2CA29C57002DB103 /* Sources */ = {
			isa = PBXSourcesBuildPhase;
			buildActionMask = 2147483647;
			files = (
			);
			runOnlyForDeploymentPostprocessing = 0;
		};
/* End PBXSourcesBuildPhase section */

/* Begin PBXTargetDependency section */
		D4BD151C2C4C0FFD0044396E /* PBXTargetDependency */ = {
			isa = PBXTargetDependency;
			target = D4BD15072C4C0FFC0044396E /* rick and morty swiftui */;
			targetProxy = D4BD151B2C4C0FFD0044396E /* PBXContainerItemProxy */;
		};
		D4BD15262C4C0FFD0044396E /* PBXTargetDependency */ = {
			isa = PBXTargetDependency;
			target = D4BD15072C4C0FFC0044396E /* rick and morty swiftui */;
			targetProxy = D4BD15252C4C0FFD0044396E /* PBXContainerItemProxy */;
		};
		D4D19C282CA29C57002DB103 /* PBXTargetDependency */ = {
			isa = PBXTargetDependency;
			target = D4BD15072C4C0FFC0044396E /* rick and morty swiftui */;
			targetProxy = D4D19C272CA29C57002DB103 /* PBXContainerItemProxy */;
		};
/* End PBXTargetDependency section */

/* Begin XCBuildConfiguration section */
		D4BD152C2C4C0FFD0044396E /* Debug */ = {
			isa = XCBuildConfiguration;
			buildSettings = {
				ALWAYS_SEARCH_USER_PATHS = NO;
				ASSETCATALOG_COMPILER_GENERATE_SWIFT_ASSET_SYMBOL_EXTENSIONS = YES;
				CLANG_ANALYZER_NONNULL = YES;
				CLANG_ANALYZER_NUMBER_OBJECT_CONVERSION = YES_AGGRESSIVE;
				CLANG_CXX_LANGUAGE_STANDARD = "gnu++20";
				CLANG_ENABLE_MODULES = YES;
				CLANG_ENABLE_OBJC_ARC = YES;
				CLANG_ENABLE_OBJC_WEAK = YES;
				CLANG_WARN_BLOCK_CAPTURE_AUTORELEASING = YES;
				CLANG_WARN_BOOL_CONVERSION = YES;
				CLANG_WARN_COMMA = YES;
				CLANG_WARN_CONSTANT_CONVERSION = YES;
				CLANG_WARN_DEPRECATED_OBJC_IMPLEMENTATIONS = YES;
				CLANG_WARN_DIRECT_OBJC_ISA_USAGE = YES_ERROR;
				CLANG_WARN_DOCUMENTATION_COMMENTS = YES;
				CLANG_WARN_EMPTY_BODY = YES;
				CLANG_WARN_ENUM_CONVERSION = YES;
				CLANG_WARN_INFINITE_RECURSION = YES;
				CLANG_WARN_INT_CONVERSION = YES;
				CLANG_WARN_NON_LITERAL_NULL_CONVERSION = YES;
				CLANG_WARN_OBJC_IMPLICIT_RETAIN_SELF = YES;
				CLANG_WARN_OBJC_LITERAL_CONVERSION = YES;
				CLANG_WARN_OBJC_ROOT_CLASS = YES_ERROR;
				CLANG_WARN_QUOTED_INCLUDE_IN_FRAMEWORK_HEADER = YES;
				CLANG_WARN_RANGE_LOOP_ANALYSIS = YES;
				CLANG_WARN_STRICT_PROTOTYPES = YES;
				CLANG_WARN_SUSPICIOUS_MOVE = YES;
				CLANG_WARN_UNGUARDED_AVAILABILITY = YES_AGGRESSIVE;
				CLANG_WARN_UNREACHABLE_CODE = YES;
				CLANG_WARN__DUPLICATE_METHOD_MATCH = YES;
				COPY_PHASE_STRIP = NO;
				DEBUG_INFORMATION_FORMAT = dwarf;
				ENABLE_STRICT_OBJC_MSGSEND = YES;
				ENABLE_TESTABILITY = YES;
				ENABLE_USER_SCRIPT_SANDBOXING = YES;
				GCC_C_LANGUAGE_STANDARD = gnu17;
				GCC_DYNAMIC_NO_PIC = NO;
				GCC_NO_COMMON_BLOCKS = YES;
				GCC_OPTIMIZATION_LEVEL = 0;
				GCC_PREPROCESSOR_DEFINITIONS = (
					"DEBUG=1",
					"$(inherited)",
				);
				GCC_WARN_64_TO_32_BIT_CONVERSION = YES;
				GCC_WARN_ABOUT_RETURN_TYPE = YES_ERROR;
				GCC_WARN_UNDECLARED_SELECTOR = YES;
				GCC_WARN_UNINITIALIZED_AUTOS = YES_AGGRESSIVE;
				GCC_WARN_UNUSED_FUNCTION = YES;
				GCC_WARN_UNUSED_VARIABLE = YES;
				IPHONEOS_DEPLOYMENT_TARGET = 17.5;
				LOCALIZATION_PREFERS_STRING_CATALOGS = YES;
				MTL_ENABLE_DEBUG_INFO = INCLUDE_SOURCE;
				MTL_FAST_MATH = YES;
				ONLY_ACTIVE_ARCH = YES;
				SDKROOT = iphoneos;
				SWIFT_ACTIVE_COMPILATION_CONDITIONS = "DEBUG $(inherited)";
				SWIFT_OPTIMIZATION_LEVEL = "-Onone";
			};
			name = Debug;
		};
		D4BD152D2C4C0FFD0044396E /* Release */ = {
			isa = XCBuildConfiguration;
			buildSettings = {
				ALWAYS_SEARCH_USER_PATHS = NO;
				ASSETCATALOG_COMPILER_GENERATE_SWIFT_ASSET_SYMBOL_EXTENSIONS = YES;
				CLANG_ANALYZER_NONNULL = YES;
				CLANG_ANALYZER_NUMBER_OBJECT_CONVERSION = YES_AGGRESSIVE;
				CLANG_CXX_LANGUAGE_STANDARD = "gnu++20";
				CLANG_ENABLE_MODULES = YES;
				CLANG_ENABLE_OBJC_ARC = YES;
				CLANG_ENABLE_OBJC_WEAK = YES;
				CLANG_WARN_BLOCK_CAPTURE_AUTORELEASING = YES;
				CLANG_WARN_BOOL_CONVERSION = YES;
				CLANG_WARN_COMMA = YES;
				CLANG_WARN_CONSTANT_CONVERSION = YES;
				CLANG_WARN_DEPRECATED_OBJC_IMPLEMENTATIONS = YES;
				CLANG_WARN_DIRECT_OBJC_ISA_USAGE = YES_ERROR;
				CLANG_WARN_DOCUMENTATION_COMMENTS = YES;
				CLANG_WARN_EMPTY_BODY = YES;
				CLANG_WARN_ENUM_CONVERSION = YES;
				CLANG_WARN_INFINITE_RECURSION = YES;
				CLANG_WARN_INT_CONVERSION = YES;
				CLANG_WARN_NON_LITERAL_NULL_CONVERSION = YES;
				CLANG_WARN_OBJC_IMPLICIT_RETAIN_SELF = YES;
				CLANG_WARN_OBJC_LITERAL_CONVERSION = YES;
				CLANG_WARN_OBJC_ROOT_CLASS = YES_ERROR;
				CLANG_WARN_QUOTED_INCLUDE_IN_FRAMEWORK_HEADER = YES;
				CLANG_WARN_RANGE_LOOP_ANALYSIS = YES;
				CLANG_WARN_STRICT_PROTOTYPES = YES;
				CLANG_WARN_SUSPICIOUS_MOVE = YES;
				CLANG_WARN_UNGUARDED_AVAILABILITY = YES_AGGRESSIVE;
				CLANG_WARN_UNREACHABLE_CODE = YES;
				CLANG_WARN__DUPLICATE_METHOD_MATCH = YES;
				COPY_PHASE_STRIP = NO;
				DEBUG_INFORMATION_FORMAT = "dwarf-with-dsym";
				ENABLE_NS_ASSERTIONS = NO;
				ENABLE_STRICT_OBJC_MSGSEND = YES;
				ENABLE_USER_SCRIPT_SANDBOXING = YES;
				GCC_C_LANGUAGE_STANDARD = gnu17;
				GCC_NO_COMMON_BLOCKS = YES;
				GCC_WARN_64_TO_32_BIT_CONVERSION = YES;
				GCC_WARN_ABOUT_RETURN_TYPE = YES_ERROR;
				GCC_WARN_UNDECLARED_SELECTOR = YES;
				GCC_WARN_UNINITIALIZED_AUTOS = YES_AGGRESSIVE;
				GCC_WARN_UNUSED_FUNCTION = YES;
				GCC_WARN_UNUSED_VARIABLE = YES;
				IPHONEOS_DEPLOYMENT_TARGET = 17.5;
				LOCALIZATION_PREFERS_STRING_CATALOGS = YES;
				MTL_ENABLE_DEBUG_INFO = NO;
				MTL_FAST_MATH = YES;
				SDKROOT = iphoneos;
				SWIFT_COMPILATION_MODE = wholemodule;
				VALIDATE_PRODUCT = YES;
			};
			name = Release;
		};
		D4BD152F2C4C0FFD0044396E /* Debug */ = {
			isa = XCBuildConfiguration;
			buildSettings = {
				ASSETCATALOG_COMPILER_APPICON_NAME = AppIcon;
				ASSETCATALOG_COMPILER_GLOBAL_ACCENT_COLOR_NAME = AccentColor;
				CODE_SIGN_STYLE = Automatic;
				CURRENT_PROJECT_VERSION = 1;
				DEVELOPMENT_ASSET_PATHS = "\"rick and morty swiftui/Preview Content\"";
				ENABLE_PREVIEWS = YES;
				GENERATE_INFOPLIST_FILE = YES;
				INFOPLIST_KEY_UIApplicationSceneManifest_Generation = YES;
				INFOPLIST_KEY_UIApplicationSupportsIndirectInputEvents = YES;
				INFOPLIST_KEY_UILaunchScreen_Generation = YES;
				INFOPLIST_KEY_UISupportedInterfaceOrientations_iPad = "UIInterfaceOrientationPortrait UIInterfaceOrientationPortraitUpsideDown UIInterfaceOrientationLandscapeLeft UIInterfaceOrientationLandscapeRight";
				INFOPLIST_KEY_UISupportedInterfaceOrientations_iPhone = "UIInterfaceOrientationPortrait UIInterfaceOrientationLandscapeLeft UIInterfaceOrientationLandscapeRight";
				LD_RUNPATH_SEARCH_PATHS = (
					"$(inherited)",
					"@executable_path/Frameworks",
				);
				MARKETING_VERSION = 1.0;
				PRODUCT_BUNDLE_IDENTIFIER = "io.davidosemwota.rick-and-morty-swiftui";
				PRODUCT_NAME = "$(TARGET_NAME)";
				SWIFT_EMIT_LOC_STRINGS = YES;
				SWIFT_VERSION = 5.0;
				TARGETED_DEVICE_FAMILY = "1,2";
			};
			name = Debug;
		};
		D4BD15302C4C0FFD0044396E /* Release */ = {
			isa = XCBuildConfiguration;
			buildSettings = {
				ASSETCATALOG_COMPILER_APPICON_NAME = AppIcon;
				ASSETCATALOG_COMPILER_GLOBAL_ACCENT_COLOR_NAME = AccentColor;
				CODE_SIGN_STYLE = Automatic;
				CURRENT_PROJECT_VERSION = 1;
				DEVELOPMENT_ASSET_PATHS = "\"rick and morty swiftui/Preview Content\"";
				ENABLE_PREVIEWS = YES;
				GENERATE_INFOPLIST_FILE = YES;
				INFOPLIST_KEY_UIApplicationSceneManifest_Generation = YES;
				INFOPLIST_KEY_UIApplicationSupportsIndirectInputEvents = YES;
				INFOPLIST_KEY_UILaunchScreen_Generation = YES;
				INFOPLIST_KEY_UISupportedInterfaceOrientations_iPad = "UIInterfaceOrientationPortrait UIInterfaceOrientationPortraitUpsideDown UIInterfaceOrientationLandscapeLeft UIInterfaceOrientationLandscapeRight";
				INFOPLIST_KEY_UISupportedInterfaceOrientations_iPhone = "UIInterfaceOrientationPortrait UIInterfaceOrientationLandscapeLeft UIInterfaceOrientationLandscapeRight";
				LD_RUNPATH_SEARCH_PATHS = (
					"$(inherited)",
					"@executable_path/Frameworks",
				);
				MARKETING_VERSION = 1.0;
				PRODUCT_BUNDLE_IDENTIFIER = "io.davidosemwota.rick-and-morty-swiftui";
				PRODUCT_NAME = "$(TARGET_NAME)";
				SWIFT_EMIT_LOC_STRINGS = YES;
				SWIFT_VERSION = 5.0;
				TARGETED_DEVICE_FAMILY = "1,2";
			};
			name = Release;
		};
		D4BD15322C4C0FFD0044396E /* Debug */ = {
			isa = XCBuildConfiguration;
			buildSettings = {
				ALWAYS_EMBED_SWIFT_STANDARD_LIBRARIES = YES;
				BUNDLE_LOADER = "$(TEST_HOST)";
				CODE_SIGN_STYLE = Automatic;
				CURRENT_PROJECT_VERSION = 1;
				GENERATE_INFOPLIST_FILE = YES;
				IPHONEOS_DEPLOYMENT_TARGET = 17.5;
				MARKETING_VERSION = 1.0;
				PRODUCT_BUNDLE_IDENTIFIER = "io.davidosemwota.rick-and-morty-swiftuiTests";
				PRODUCT_NAME = "$(TARGET_NAME)";
				SWIFT_EMIT_LOC_STRINGS = NO;
				SWIFT_VERSION = 5.0;
				TARGETED_DEVICE_FAMILY = "1,2";
				TEST_HOST = "$(BUILT_PRODUCTS_DIR)/rick and morty swiftui.app/$(BUNDLE_EXECUTABLE_FOLDER_PATH)/rick and morty swiftui";
			};
			name = Debug;
		};
		D4BD15332C4C0FFD0044396E /* Release */ = {
			isa = XCBuildConfiguration;
			buildSettings = {
				ALWAYS_EMBED_SWIFT_STANDARD_LIBRARIES = YES;
				BUNDLE_LOADER = "$(TEST_HOST)";
				CODE_SIGN_STYLE = Automatic;
				CURRENT_PROJECT_VERSION = 1;
				GENERATE_INFOPLIST_FILE = YES;
				IPHONEOS_DEPLOYMENT_TARGET = 17.5;
				MARKETING_VERSION = 1.0;
				PRODUCT_BUNDLE_IDENTIFIER = "io.davidosemwota.rick-and-morty-swiftuiTests";
				PRODUCT_NAME = "$(TARGET_NAME)";
				SWIFT_EMIT_LOC_STRINGS = NO;
				SWIFT_VERSION = 5.0;
				TARGETED_DEVICE_FAMILY = "1,2";
				TEST_HOST = "$(BUILT_PRODUCTS_DIR)/rick and morty swiftui.app/$(BUNDLE_EXECUTABLE_FOLDER_PATH)/rick and morty swiftui";
			};
			name = Release;
		};
		D4BD15352C4C0FFD0044396E /* Debug */ = {
			isa = XCBuildConfiguration;
			buildSettings = {
				ALWAYS_EMBED_SWIFT_STANDARD_LIBRARIES = YES;
				CODE_SIGN_STYLE = Automatic;
				CURRENT_PROJECT_VERSION = 1;
				GENERATE_INFOPLIST_FILE = YES;
				MARKETING_VERSION = 1.0;
				PRODUCT_BUNDLE_IDENTIFIER = "io.davidosemwota.rick-and-morty-swiftuiUITests";
				PRODUCT_NAME = "$(TARGET_NAME)";
				SWIFT_EMIT_LOC_STRINGS = NO;
				SWIFT_VERSION = 5.0;
				TARGETED_DEVICE_FAMILY = "1,2";
				TEST_TARGET_NAME = "rick and morty swiftui";
			};
			name = Debug;
		};
		D4BD15362C4C0FFD0044396E /* Release */ = {
			isa = XCBuildConfiguration;
			buildSettings = {
				ALWAYS_EMBED_SWIFT_STANDARD_LIBRARIES = YES;
				CODE_SIGN_STYLE = Automatic;
				CURRENT_PROJECT_VERSION = 1;
				GENERATE_INFOPLIST_FILE = YES;
				MARKETING_VERSION = 1.0;
				PRODUCT_BUNDLE_IDENTIFIER = "io.davidosemwota.rick-and-morty-swiftuiUITests";
				PRODUCT_NAME = "$(TARGET_NAME)";
				SWIFT_EMIT_LOC_STRINGS = NO;
				SWIFT_VERSION = 5.0;
				TARGETED_DEVICE_FAMILY = "1,2";
				TEST_TARGET_NAME = "rick and morty swiftui";
			};
			name = Release;
		};
		D4D19C292CA29C57002DB103 /* Debug */ = {
			isa = XCBuildConfiguration;
			buildSettings = {
				BUNDLE_LOADER = "$(TEST_HOST)";
				CODE_SIGN_STYLE = Automatic;
				CURRENT_PROJECT_VERSION = 1;
				GENERATE_INFOPLIST_FILE = YES;
				IPHONEOS_DEPLOYMENT_TARGET = 18.0;
				MARKETING_VERSION = 1.0;
				PRODUCT_BUNDLE_IDENTIFIER = io.davidosemwota.UnitTests;
				PRODUCT_NAME = "$(TARGET_NAME)";
				SWIFT_EMIT_LOC_STRINGS = NO;
				SWIFT_VERSION = 5.0;
				TARGETED_DEVICE_FAMILY = "1,2";
				TEST_HOST = "$(BUILT_PRODUCTS_DIR)/rick and morty swiftui.app/$(BUNDLE_EXECUTABLE_FOLDER_PATH)/rick and morty swiftui";
			};
			name = Debug;
		};
		D4D19C2A2CA29C57002DB103 /* Release */ = {
			isa = XCBuildConfiguration;
			buildSettings = {
				BUNDLE_LOADER = "$(TEST_HOST)";
				CODE_SIGN_STYLE = Automatic;
				CURRENT_PROJECT_VERSION = 1;
				GENERATE_INFOPLIST_FILE = YES;
				IPHONEOS_DEPLOYMENT_TARGET = 18.0;
				MARKETING_VERSION = 1.0;
				PRODUCT_BUNDLE_IDENTIFIER = io.davidosemwota.UnitTests;
				PRODUCT_NAME = "$(TARGET_NAME)";
				SWIFT_EMIT_LOC_STRINGS = NO;
				SWIFT_VERSION = 5.0;
				TARGETED_DEVICE_FAMILY = "1,2";
				TEST_HOST = "$(BUILT_PRODUCTS_DIR)/rick and morty swiftui.app/$(BUNDLE_EXECUTABLE_FOLDER_PATH)/rick and morty swiftui";
			};
			name = Release;
		};
/* End XCBuildConfiguration section */

/* Begin XCConfigurationList section */
		D4BD15032C4C0FFC0044396E /* Build configuration list for PBXProject "rick and morty swiftui" */ = {
			isa = XCConfigurationList;
			buildConfigurations = (
				D4BD152C2C4C0FFD0044396E /* Debug */,
				D4BD152D2C4C0FFD0044396E /* Release */,
			);
			defaultConfigurationIsVisible = 0;
			defaultConfigurationName = Release;
		};
		D4BD152E2C4C0FFD0044396E /* Build configuration list for PBXNativeTarget "rick and morty swiftui" */ = {
			isa = XCConfigurationList;
			buildConfigurations = (
				D4BD152F2C4C0FFD0044396E /* Debug */,
				D4BD15302C4C0FFD0044396E /* Release */,
			);
			defaultConfigurationIsVisible = 0;
			defaultConfigurationName = Release;
		};
		D4BD15312C4C0FFD0044396E /* Build configuration list for PBXNativeTarget "rick and morty swiftuiTests" */ = {
			isa = XCConfigurationList;
			buildConfigurations = (
				D4BD15322C4C0FFD0044396E /* Debug */,
				D4BD15332C4C0FFD0044396E /* Release */,
			);
			defaultConfigurationIsVisible = 0;
			defaultConfigurationName = Release;
		};
		D4BD15342C4C0FFD0044396E /* Build configuration list for PBXNativeTarget "rick and morty swiftuiUITests" */ = {
			isa = XCConfigurationList;
			buildConfigurations = (
				D4BD15352C4C0FFD0044396E /* Debug */,
				D4BD15362C4C0FFD0044396E /* Release */,
			);
			defaultConfigurationIsVisible = 0;
			defaultConfigurationName = Release;
		};
		D4D19C2B2CA29C57002DB103 /* Build configuration list for PBXNativeTarget "UnitTests" */ = {
			isa = XCConfigurationList;
			buildConfigurations = (
				D4D19C292CA29C57002DB103 /* Debug */,
				D4D19C2A2CA29C57002DB103 /* Release */,
			);
			defaultConfigurationIsVisible = 0;
			defaultConfigurationName = Release;
		};
/* End XCConfigurationList section */
	};
	rootObject = D4BD15002C4C0FFC0044396E /* Project object */;
}
