// !$*UTF8*$!
{
	archiveVersion = 1;
	classes = {
	};
	objectVersion = 56;
	objects = {

/* Begin PBXBuildFile section */
		D4BD150C2C4C0FFC0044396E /* rick_and_morty_swiftuiApp.swift in Sources */ = {isa = PBXBuildFile; fileRef = D4BD150B2C4C0FFC0044396E /* rick_and_morty_swiftuiApp.swift */; };
		D4BD150E2C4C0FFC0044396E /* ContentView.swift in Sources */ = {isa = PBXBuildFile; fileRef = D4BD150D2C4C0FFC0044396E /* ContentView.swift */; };
		D4BD15102C4C0FFC0044396E /* Item.swift in Sources */ = {isa = PBXBuildFile; fileRef = D4BD150F2C4C0FFC0044396E /* Item.swift */; };
		D4BD15122C4C0FFC0044396E /* Assets.xcassets in Resources */ = {isa = PBXBuildFile; fileRef = D4BD15112C4C0FFC0044396E /* Assets.xcassets */; };
		D4BD15152C4C0FFC0044396E /* Preview Assets.xcassets in Resources */ = {isa = PBXBuildFile; fileRef = D4BD15142C4C0FFC0044396E /* Preview Assets.xcassets */; };
		D4BD151F2C4C0FFD0044396E /* rick_and_morty_swiftuiTests.swift in Sources */ = {isa = PBXBuildFile; fileRef = D4BD151E2C4C0FFD0044396E /* rick_and_morty_swiftuiTests.swift */; };
		D4BD15292C4C0FFD0044396E /* rick_and_morty_swiftuiUITests.swift in Sources */ = {isa = PBXBuildFile; fileRef = D4BD15282C4C0FFD0044396E /* rick_and_morty_swiftuiUITests.swift */; };
		D4BD152B2C4C0FFD0044396E /* rick_and_morty_swiftuiUITestsLaunchTests.swift in Sources */ = {isa = PBXBuildFile; fileRef = D4BD152A2C4C0FFD0044396E /* rick_and_morty_swiftuiUITestsLaunchTests.swift */; };
/* End PBXBuildFile section */

/* Begin PBXContainerItemProxy section */
		D4BD151B2C4C0FFD0044396E /* PBXContainerItemProxy */ = {
			isa = PBXContainerItemProxy;
			containerPortal = D4BD15002C4C0FFC0044396E /* Project object */;
			proxyType = 1;
			remoteGlobalIDString = D4BD15072C4C0FFC0044396E;
			remoteInfo = "rick and morty swiftui";
		};
		D4BD15252C4C0FFD0044396E /* PBXContainerItemProxy */ = {
			isa = PBXContainerItemProxy;
			containerPortal = D4BD15002C4C0FFC0044396E /* Project object */;
			proxyType = 1;
			remoteGlobalIDString = D4BD15072C4C0FFC0044396E;
			remoteInfo = "rick and morty swiftui";
		};
/* End PBXContainerItemProxy section */

/* Begin PBXFileReference section */
		D4BD15082C4C0FFC0044396E /* rick and morty swiftui.app */ = {isa = PBXFileReference; explicitFileType = wrapper.application; includeInIndex = 0; path = "rick and morty swiftui.app"; sourceTree = BUILT_PRODUCTS_DIR; };
		D4BD150B2C4C0FFC0044396E /* rick_and_morty_swiftuiApp.swift */ = {isa = PBXFileReference; lastKnownFileType = sourcecode.swift; path = rick_and_morty_swiftuiApp.swift; sourceTree = "<group>"; };
		D4BD150D2C4C0FFC0044396E /* ContentView.swift */ = {isa = PBXFileReference; lastKnownFileType = sourcecode.swift; path = ContentView.swift; sourceTree = "<group>"; };
		D4BD150F2C4C0FFC0044396E /* Item.swift */ = {isa = PBXFileReference; lastKnownFileType = sourcecode.swift; path = Item.swift; sourceTree = "<group>"; };
		D4BD15112C4C0FFC0044396E /* Assets.xcassets */ = {isa = PBXFileReference; lastKnownFileType = folder.assetcatalog; path = Assets.xcassets; sourceTree = "<group>"; };
		D4BD15142C4C0FFC0044396E /* Preview Assets.xcassets */ = {isa = PBXFileReference; lastKnownFileType = folder.assetcatalog; path = "Preview Assets.xcassets"; sourceTree = "<group>"; };
		D4BD151A2C4C0FFD0044396E /* rick and morty swiftuiTests.xctest */ = {isa = PBXFileReference; explicitFileType = wrapper.cfbundle; includeInIndex = 0; path = "rick and morty swiftuiTests.xctest"; sourceTree = BUILT_PRODUCTS_DIR; };
		D4BD151E2C4C0FFD0044396E /* rick_and_morty_swiftuiTests.swift */ = {isa = PBXFileReference; lastKnownFileType = sourcecode.swift; path = rick_and_morty_swiftuiTests.swift; sourceTree = "<group>"; };
		D4BD15242C4C0FFD0044396E /* rick and morty swiftuiUITests.xctest */ = {isa = PBXFileReference; explicitFileType = wrapper.cfbundle; includeInIndex = 0; path = "rick and morty swiftuiUITests.xctest"; sourceTree = BUILT_PRODUCTS_DIR; };
		D4BD15282C4C0FFD0044396E /* rick_and_morty_swiftuiUITests.swift */ = {isa = PBXFileReference; lastKnownFileType = sourcecode.swift; path = rick_and_morty_swiftuiUITests.swift; sourceTree = "<group>"; };
		D4BD152A2C4C0FFD0044396E /* rick_and_morty_swiftuiUITestsLaunchTests.swift */ = {isa = PBXFileReference; lastKnownFileType = sourcecode.swift; path = rick_and_morty_swiftuiUITestsLaunchTests.swift; sourceTree = "<group>"; };
/* End PBXFileReference section */

/* Begin PBXFrameworksBuildPhase section */
		D4BD15052C4C0FFC0044396E /* Frameworks */ = {
			isa = PBXFrameworksBuildPhase;
			buildActionMask = 2147483647;
			files = (
			);
			runOnlyForDeploymentPostprocessing = 0;
		};
		D4BD15172C4C0FFD0044396E /* Frameworks */ = {
			isa = PBXFrameworksBuildPhase;
			buildActionMask = 2147483647;
			files = (
			);
			runOnlyForDeploymentPostprocessing = 0;
		};
		D4BD15212C4C0FFD0044396E /* Frameworks */ = {
			isa = PBXFrameworksBuildPhase;
			buildActionMask = 2147483647;
			files = (
			);
			runOnlyForDeploymentPostprocessing = 0;
		};
/* End PBXFrameworksBuildPhase section */

/* Begin PBXGroup section */
		D4BD14FF2C4C0FFC0044396E = {
			isa = PBXGroup;
			children = (
				D4BD150A2C4C0FFC0044396E /* rick and morty swiftui */,
				D4BD151D2C4C0FFD0044396E /* rick and morty swiftuiTests */,
				D4BD15272C4C0FFD0044396E /* rick and morty swiftuiUITests */,
				D4BD15092C4C0FFC0044396E /* Products */,
			);
			sourceTree = "<group>";
		};
		D4BD15092C4C0FFC0044396E /* Products */ = {
			isa = PBXGroup;
			children = (
				D4BD15082C4C0FFC0044396E /* rick and morty swiftui.app */,
				D4BD151A2C4C0FFD0044396E /* rick and morty swiftuiTests.xctest */,
				D4BD15242C4C0FFD0044396E /* rick and morty swiftuiUITests.xctest */,
			);
			name = Products;
			sourceTree = "<group>";
		};
		D4BD150A2C4C0FFC0044396E /* rick and morty swiftui */ = {
			isa = PBXGroup;
			children = (
				D4BD150B2C4C0FFC0044396E /* rick_and_morty_swiftuiApp.swift */,
				D4BD150D2C4C0FFC0044396E /* ContentView.swift */,
				D4BD150F2C4C0FFC0044396E /* Item.swift */,
				D4BD15112C4C0FFC0044396E /* Assets.xcassets */,
				D4BD15132C4C0FFC0044396E /* Preview Content */,
			);
			path = "rick and morty swiftui";
			sourceTree = "<group>";
		};
		D4BD15132C4C0FFC0044396E /* Preview Content */ = {
			isa = PBXGroup;
			children = (
				D4BD15142C4C0FFC0044396E /* Preview Assets.xcassets */,
			);
			path = "Preview Content";
			sourceTree = "<group>";
		};
		D4BD151D2C4C0FFD0044396E /* rick and morty swiftuiTests */ = {
			isa = PBXGroup;
			children = (
				D4BD151E2C4C0FFD0044396E /* rick_and_morty_swiftuiTests.swift */,
			);
			path = "rick and morty swiftuiTests";
			sourceTree = "<group>";
		};
		D4BD15272C4C0FFD0044396E /* rick and morty swiftuiUITests */ = {
			isa = PBXGroup;
			children = (
				D4BD15282C4C0FFD0044396E /* rick_and_morty_swiftuiUITests.swift */,
				D4BD152A2C4C0FFD0044396E /* rick_and_morty_swiftuiUITestsLaunchTests.swift */,
			);
			path = "rick and morty swiftuiUITests";
			sourceTree = "<group>";
		};
/* End PBXGroup section */

/* Begin PBXNativeTarget section */
		D4BD15072C4C0FFC0044396E /* rick and morty swiftui */ = {
			isa = PBXNativeTarget;
			buildConfigurationList = D4BD152E2C4C0FFD0044396E /* Build configuration list for PBXNativeTarget "rick and morty swiftui" */;
			buildPhases = (
				D4BD15042C4C0FFC0044396E /* Sources */,
				D4BD15052C4C0FFC0044396E /* Frameworks */,
				D4BD15062C4C0FFC0044396E /* Resources */,
			);
			buildRules = (
			);
			dependencies = (
			);
			name = "rick and morty swiftui";
			productName = "rick and morty swiftui";
			productReference = D4BD15082C4C0FFC0044396E /* rick and morty swiftui.app */;
			productType = "com.apple.product-type.application";
		};
		D4BD15192C4C0FFD0044396E /* rick and morty swiftuiTests */ = {
			isa = PBXNativeTarget;
			buildConfigurationList = D4BD15312C4C0FFD0044396E /* Build configuration list for PBXNativeTarget "rick and morty swiftuiTests" */;
			buildPhases = (
				D4BD15162C4C0FFD0044396E /* Sources */,
				D4BD15172C4C0FFD0044396E /* Frameworks */,
				D4BD15182C4C0FFD0044396E /* Resources */,
			);
			buildRules = (
			);
			dependencies = (
				D4BD151C2C4C0FFD0044396E /* PBXTargetDependency */,
			);
			name = "rick and morty swiftuiTests";
			productName = "rick and morty swiftuiTests";
			productReference = D4BD151A2C4C0FFD0044396E /* rick and morty swiftuiTests.xctest */;
			productType = "com.apple.product-type.bundle.unit-test";
		};
		D4BD15232C4C0FFD0044396E /* rick and morty swiftuiUITests */ = {
			isa = PBXNativeTarget;
			buildConfigurationList = D4BD15342C4C0FFD0044396E /* Build configuration list for PBXNativeTarget "rick and morty swiftuiUITests" */;
			buildPhases = (
				D4BD15202C4C0FFD0044396E /* Sources */,
				D4BD15212C4C0FFD0044396E /* Frameworks */,
				D4BD15222C4C0FFD0044396E /* Resources */,
			);
			buildRules = (
			);
			dependencies = (
				D4BD15262C4C0FFD0044396E /* PBXTargetDependency */,
			);
			name = "rick and morty swiftuiUITests";
			productName = "rick and morty swiftuiUITests";
			productReference = D4BD15242C4C0FFD0044396E /* rick and morty swiftuiUITests.xctest */;
			productType = "com.apple.product-type.bundle.ui-testing";
		};
/* End PBXNativeTarget section */

/* Begin PBXProject section */
		D4BD15002C4C0FFC0044396E /* Project object */ = {
			isa = PBXProject;
			attributes = {
				BuildIndependentTargetsInParallel = 1;
				LastSwiftUpdateCheck = 1540;
				LastUpgradeCheck = 1540;
				TargetAttributes = {
					D4BD15072C4C0FFC0044396E = {
						CreatedOnToolsVersion = 15.4;
					};
					D4BD15192C4C0FFD0044396E = {
						CreatedOnToolsVersion = 15.4;
						TestTargetID = D4BD15072C4C0FFC0044396E;
					};
					D4BD15232C4C0FFD0044396E = {
						CreatedOnToolsVersion = 15.4;
						TestTargetID = D4BD15072C4C0FFC0044396E;
					};
				};
			};
			buildConfigurationList = D4BD15032C4C0FFC0044396E /* Build configuration list for PBXProject "rick and morty swiftui" */;
			compatibilityVersion = "Xcode 14.0";
			developmentRegion = en;
			hasScannedForEncodings = 0;
			knownRegions = (
				en,
				Base,
			);
			mainGroup = D4BD14FF2C4C0FFC0044396E;
			productRefGroup = D4BD15092C4C0FFC0044396E /* Products */;
			projectDirPath = "";
			projectRoot = "";
			targets = (
				D4BD15072C4C0FFC0044396E /* rick and morty swiftui */,
				D4BD15192C4C0FFD0044396E /* rick and morty swiftuiTests */,
				D4BD15232C4C0FFD0044396E /* rick and morty swiftuiUITests */,
			);
		};
/* End PBXProject section */

/* Begin PBXResourcesBuildPhase section */
		D4BD15062C4C0FFC0044396E /* Resources */ = {
			isa = PBXResourcesBuildPhase;
			buildActionMask = 2147483647;
			files = (
				D4BD15152C4C0FFC0044396E /* Preview Assets.xcassets in Resources */,
				D4BD15122C4C0FFC0044396E /* Assets.xcassets in Resources */,
			);
			runOnlyForDeploymentPostprocessing = 0;
		};
		D4BD15182C4C0FFD0044396E /* Resources */ = {
			isa = PBXResourcesBuildPhase;
			buildActionMask = 2147483647;
			files = (
			);
			runOnlyForDeploymentPostprocessing = 0;
		};
		D4BD15222C4C0FFD0044396E /* Resources */ = {
			isa = PBXResourcesBuildPhase;
			buildActionMask = 2147483647;
			files = (
			);
			runOnlyForDeploymentPostprocessing = 0;
		};
/* End PBXResourcesBuildPhase section */

/* Begin PBXSourcesBuildPhase section */
		D4BD15042C4C0FFC0044396E /* Sources */ = {
			isa = PBXSourcesBuildPhase;
			buildActionMask = 2147483647;
			files = (
				D4BD150E2C4C0FFC0044396E /* ContentView.swift in Sources */,
				D4BD15102C4C0FFC0044396E /* Item.swift in Sources */,
				D4BD150C2C4C0FFC0044396E /* rick_and_morty_swiftuiApp.swift in Sources */,
			);
			runOnlyForDeploymentPostprocessing = 0;
		};
		D4BD15162C4C0FFD0044396E /* Sources */ = {
			isa = PBXSourcesBuildPhase;
			buildActionMask = 2147483647;
			files = (
				D4BD151F2C4C0FFD0044396E /* rick_and_morty_swiftuiTests.swift in Sources */,
			);
			runOnlyForDeploymentPostprocessing = 0;
		};
		D4BD15202C4C0FFD0044396E /* Sources */ = {
			isa = PBXSourcesBuildPhase;
			buildActionMask = 2147483647;
			files = (
				D4BD15292C4C0FFD0044396E /* rick_and_morty_swiftuiUITests.swift in Sources */,
				D4BD152B2C4C0FFD0044396E /* rick_and_morty_swiftuiUITestsLaunchTests.swift in Sources */,
			);
			runOnlyForDeploymentPostprocessing = 0;
		};
/* End PBXSourcesBuildPhase section */

/* Begin PBXTargetDependency section */
		D4BD151C2C4C0FFD0044396E /* PBXTargetDependency */ = {
			isa = PBXTargetDependency;
			target = D4BD15072C4C0FFC0044396E /* rick and morty swiftui */;
			targetProxy = D4BD151B2C4C0FFD0044396E /* PBXContainerItemProxy */;
		};
		D4BD15262C4C0FFD0044396E /* PBXTargetDependency */ = {
			isa = PBXTargetDependency;
			target = D4BD15072C4C0FFC0044396E /* rick and morty swiftui */;
			targetProxy = D4BD15252C4C0FFD0044396E /* PBXContainerItemProxy */;
		};
/* End PBXTargetDependency section */

/* Begin XCBuildConfiguration section */
		D4BD152C2C4C0FFD0044396E /* Debug */ = {
			isa = XCBuildConfiguration;
			buildSettings = {
				ALWAYS_SEARCH_USER_PATHS = NO;
				ASSETCATALOG_COMPILER_GENERATE_SWIFT_ASSET_SYMBOL_EXTENSIONS = YES;
				CLANG_ANALYZER_NONNULL = YES;
				CLANG_ANALYZER_NUMBER_OBJECT_CONVERSION = YES_AGGRESSIVE;
				CLANG_CXX_LANGUAGE_STANDARD = "gnu++20";
				CLANG_ENABLE_MODULES = YES;
				CLANG_ENABLE_OBJC_ARC = YES;
				CLANG_ENABLE_OBJC_WEAK = YES;
				CLANG_WARN_BLOCK_CAPTURE_AUTORELEASING = YES;
				CLANG_WARN_BOOL_CONVERSION = YES;
				CLANG_WARN_COMMA = YES;
				CLANG_WARN_CONSTANT_CONVERSION = YES;
				CLANG_WARN_DEPRECATED_OBJC_IMPLEMENTATIONS = YES;
				CLANG_WARN_DIRECT_OBJC_ISA_USAGE = YES_ERROR;
				CLANG_WARN_DOCUMENTATION_COMMENTS = YES;
				CLANG_WARN_EMPTY_BODY = YES;
				CLANG_WARN_ENUM_CONVERSION = YES;
				CLANG_WARN_INFINITE_RECURSION = YES;
				CLANG_WARN_INT_CONVERSION = YES;
				CLANG_WARN_NON_LITERAL_NULL_CONVERSION = YES;
				CLANG_WARN_OBJC_IMPLICIT_RETAIN_SELF = YES;
				CLANG_WARN_OBJC_LITERAL_CONVERSION = YES;
				CLANG_WARN_OBJC_ROOT_CLASS = YES_ERROR;
				CLANG_WARN_QUOTED_INCLUDE_IN_FRAMEWORK_HEADER = YES;
				CLANG_WARN_RANGE_LOOP_ANALYSIS = YES;
				CLANG_WARN_STRICT_PROTOTYPES = YES;
				CLANG_WARN_SUSPICIOUS_MOVE = YES;
				CLANG_WARN_UNGUARDED_AVAILABILITY = YES_AGGRESSIVE;
				CLANG_WARN_UNREACHABLE_CODE = YES;
				CLANG_WARN__DUPLICATE_METHOD_MATCH = YES;
				COPY_PHASE_STRIP = NO;
				DEBUG_INFORMATION_FORMAT = dwarf;
				ENABLE_STRICT_OBJC_MSGSEND = YES;
				ENABLE_TESTABILITY = YES;
				ENABLE_USER_SCRIPT_SANDBOXING = YES;
				GCC_C_LANGUAGE_STANDARD = gnu17;
				GCC_DYNAMIC_NO_PIC = NO;
				GCC_NO_COMMON_BLOCKS = YES;
				GCC_OPTIMIZATION_LEVEL = 0;
				GCC_PREPROCESSOR_DEFINITIONS = (
					"DEBUG=1",
					"$(inherited)",
				);
				GCC_WARN_64_TO_32_BIT_CONVERSION = YES;
				GCC_WARN_ABOUT_RETURN_TYPE = YES_ERROR;
				GCC_WARN_UNDECLARED_SELECTOR = YES;
				GCC_WARN_UNINITIALIZED_AUTOS = YES_AGGRESSIVE;
				GCC_WARN_UNUSED_FUNCTION = YES;
				GCC_WARN_UNUSED_VARIABLE = YES;
				IPHONEOS_DEPLOYMENT_TARGET = 17.5;
				LOCALIZATION_PREFERS_STRING_CATALOGS = YES;
				MTL_ENABLE_DEBUG_INFO = INCLUDE_SOURCE;
				MTL_FAST_MATH = YES;
				ONLY_ACTIVE_ARCH = YES;
				SDKROOT = iphoneos;
				SWIFT_ACTIVE_COMPILATION_CONDITIONS = "DEBUG $(inherited)";
				SWIFT_OPTIMIZATION_LEVEL = "-Onone";
			};
			name = Debug;
		};
		D4BD152D2C4C0FFD0044396E /* Release */ = {
			isa = XCBuildConfiguration;
			buildSettings = {
				ALWAYS_SEARCH_USER_PATHS = NO;
				ASSETCATALOG_COMPILER_GENERATE_SWIFT_ASSET_SYMBOL_EXTENSIONS = YES;
				CLANG_ANALYZER_NONNULL = YES;
				CLANG_ANALYZER_NUMBER_OBJECT_CONVERSION = YES_AGGRESSIVE;
				CLANG_CXX_LANGUAGE_STANDARD = "gnu++20";
				CLANG_ENABLE_MODULES = YES;
				CLANG_ENABLE_OBJC_ARC = YES;
				CLANG_ENABLE_OBJC_WEAK = YES;
				CLANG_WARN_BLOCK_CAPTURE_AUTORELEASING = YES;
				CLANG_WARN_BOOL_CONVERSION = YES;
				CLANG_WARN_COMMA = YES;
				CLANG_WARN_CONSTANT_CONVERSION = YES;
				CLANG_WARN_DEPRECATED_OBJC_IMPLEMENTATIONS = YES;
				CLANG_WARN_DIRECT_OBJC_ISA_USAGE = YES_ERROR;
				CLANG_WARN_DOCUMENTATION_COMMENTS = YES;
				CLANG_WARN_EMPTY_BODY = YES;
				CLANG_WARN_ENUM_CONVERSION = YES;
				CLANG_WARN_INFINITE_RECURSION = YES;
				CLANG_WARN_INT_CONVERSION = YES;
				CLANG_WARN_NON_LITERAL_NULL_CONVERSION = YES;
				CLANG_WARN_OBJC_IMPLICIT_RETAIN_SELF = YES;
				CLANG_WARN_OBJC_LITERAL_CONVERSION = YES;
				CLANG_WARN_OBJC_ROOT_CLASS = YES_ERROR;
				CLANG_WARN_QUOTED_INCLUDE_IN_FRAMEWORK_HEADER = YES;
				CLANG_WARN_RANGE_LOOP_ANALYSIS = YES;
				CLANG_WARN_STRICT_PROTOTYPES = YES;
				CLANG_WARN_SUSPICIOUS_MOVE = YES;
				CLANG_WARN_UNGUARDED_AVAILABILITY = YES_AGGRESSIVE;
				CLANG_WARN_UNREACHABLE_CODE = YES;
				CLANG_WARN__DUPLICATE_METHOD_MATCH = YES;
				COPY_PHASE_STRIP = NO;
				DEBUG_INFORMATION_FORMAT = "dwarf-with-dsym";
				ENABLE_NS_ASSERTIONS = NO;
				ENABLE_STRICT_OBJC_MSGSEND = YES;
				ENABLE_USER_SCRIPT_SANDBOXING = YES;
				GCC_C_LANGUAGE_STANDARD = gnu17;
				GCC_NO_COMMON_BLOCKS = YES;
				GCC_WARN_64_TO_32_BIT_CONVERSION = YES;
				GCC_WARN_ABOUT_RETURN_TYPE = YES_ERROR;
				GCC_WARN_UNDECLARED_SELECTOR = YES;
				GCC_WARN_UNINITIALIZED_AUTOS = YES_AGGRESSIVE;
				GCC_WARN_UNUSED_FUNCTION = YES;
				GCC_WARN_UNUSED_VARIABLE = YES;
				IPHONEOS_DEPLOYMENT_TARGET = 17.5;
				LOCALIZATION_PREFERS_STRING_CATALOGS = YES;
				MTL_ENABLE_DEBUG_INFO = NO;
				MTL_FAST_MATH = YES;
				SDKROOT = iphoneos;
				SWIFT_COMPILATION_MODE = wholemodule;
				VALIDATE_PRODUCT = YES;
			};
			name = Release;
		};
		D4BD152F2C4C0FFD0044396E /* Debug */ = {
			isa = XCBuildConfiguration;
			buildSettings = {
				ASSETCATALOG_COMPILER_APPICON_NAME = AppIcon;
				ASSETCATALOG_COMPILER_GLOBAL_ACCENT_COLOR_NAME = AccentColor;
				CODE_SIGN_STYLE = Automatic;
				CURRENT_PROJECT_VERSION = 1;
				DEVELOPMENT_ASSET_PATHS = "\"rick and morty swiftui/Preview Content\"";
				ENABLE_PREVIEWS = YES;
				GENERATE_INFOPLIST_FILE = YES;
				INFOPLIST_KEY_UIApplicationSceneManifest_Generation = YES;
				INFOPLIST_KEY_UIApplicationSupportsIndirectInputEvents = YES;
				INFOPLIST_KEY_UILaunchScreen_Generation = YES;
				INFOPLIST_KEY_UISupportedInterfaceOrientations_iPad = "UIInterfaceOrientationPortrait UIInterfaceOrientationPortraitUpsideDown UIInterfaceOrientationLandscapeLeft UIInterfaceOrientationLandscapeRight";
				INFOPLIST_KEY_UISupportedInterfaceOrientations_iPhone = "UIInterfaceOrientationPortrait UIInterfaceOrientationLandscapeLeft UIInterfaceOrientationLandscapeRight";
				LD_RUNPATH_SEARCH_PATHS = (
					"$(inherited)",
					"@executable_path/Frameworks",
				);
				MARKETING_VERSION = 1.0;
				PRODUCT_BUNDLE_IDENTIFIER = "io.davidosemwota.rick-and-morty-swiftui";
				PRODUCT_NAME = "$(TARGET_NAME)";
				SWIFT_EMIT_LOC_STRINGS = YES;
				SWIFT_VERSION = 5.0;
				TARGETED_DEVICE_FAMILY = "1,2";
			};
			name = Debug;
		};
		D4BD15302C4C0FFD0044396E /* Release */ = {
			isa = XCBuildConfiguration;
			buildSettings = {
				ASSETCATALOG_COMPILER_APPICON_NAME = AppIcon;
				ASSETCATALOG_COMPILER_GLOBAL_ACCENT_COLOR_NAME = AccentColor;
				CODE_SIGN_STYLE = Automatic;
				CURRENT_PROJECT_VERSION = 1;
				DEVELOPMENT_ASSET_PATHS = "\"rick and morty swiftui/Preview Content\"";
				ENABLE_PREVIEWS = YES;
				GENERATE_INFOPLIST_FILE = YES;
				INFOPLIST_KEY_UIApplicationSceneManifest_Generation = YES;
				INFOPLIST_KEY_UIApplicationSupportsIndirectInputEvents = YES;
				INFOPLIST_KEY_UILaunchScreen_Generation = YES;
				INFOPLIST_KEY_UISupportedInterfaceOrientations_iPad = "UIInterfaceOrientationPortrait UIInterfaceOrientationPortraitUpsideDown UIInterfaceOrientationLandscapeLeft UIInterfaceOrientationLandscapeRight";
				INFOPLIST_KEY_UISupportedInterfaceOrientations_iPhone = "UIInterfaceOrientationPortrait UIInterfaceOrientationLandscapeLeft UIInterfaceOrientationLandscapeRight";
				LD_RUNPATH_SEARCH_PATHS = (
					"$(inherited)",
					"@executable_path/Frameworks",
				);
				MARKETING_VERSION = 1.0;
				PRODUCT_BUNDLE_IDENTIFIER = "io.davidosemwota.rick-and-morty-swiftui";
				PRODUCT_NAME = "$(TARGET_NAME)";
				SWIFT_EMIT_LOC_STRINGS = YES;
				SWIFT_VERSION = 5.0;
				TARGETED_DEVICE_FAMILY = "1,2";
			};
			name = Release;
		};
		D4BD15322C4C0FFD0044396E /* Debug */ = {
			isa = XCBuildConfiguration;
			buildSettings = {
				ALWAYS_EMBED_SWIFT_STANDARD_LIBRARIES = YES;
				BUNDLE_LOADER = "$(TEST_HOST)";
				CODE_SIGN_STYLE = Automatic;
				CURRENT_PROJECT_VERSION = 1;
				GENERATE_INFOPLIST_FILE = YES;
				IPHONEOS_DEPLOYMENT_TARGET = 17.5;
				MARKETING_VERSION = 1.0;
				PRODUCT_BUNDLE_IDENTIFIER = "io.davidosemwota.rick-and-morty-swiftuiTests";
				PRODUCT_NAME = "$(TARGET_NAME)";
				SWIFT_EMIT_LOC_STRINGS = NO;
				SWIFT_VERSION = 5.0;
				TARGETED_DEVICE_FAMILY = "1,2";
				TEST_HOST = "$(BUILT_PRODUCTS_DIR)/rick and morty swiftui.app/$(BUNDLE_EXECUTABLE_FOLDER_PATH)/rick and morty swiftui";
			};
			name = Debug;
		};
		D4BD15332C4C0FFD0044396E /* Release */ = {
			isa = XCBuildConfiguration;
			buildSettings = {
				ALWAYS_EMBED_SWIFT_STANDARD_LIBRARIES = YES;
				BUNDLE_LOADER = "$(TEST_HOST)";
				CODE_SIGN_STYLE = Automatic;
				CURRENT_PROJECT_VERSION = 1;
				GENERATE_INFOPLIST_FILE = YES;
				IPHONEOS_DEPLOYMENT_TARGET = 17.5;
				MARKETING_VERSION = 1.0;
				PRODUCT_BUNDLE_IDENTIFIER = "io.davidosemwota.rick-and-morty-swiftuiTests";
				PRODUCT_NAME = "$(TARGET_NAME)";
				SWIFT_EMIT_LOC_STRINGS = NO;
				SWIFT_VERSION = 5.0;
				TARGETED_DEVICE_FAMILY = "1,2";
				TEST_HOST = "$(BUILT_PRODUCTS_DIR)/rick and morty swiftui.app/$(BUNDLE_EXECUTABLE_FOLDER_PATH)/rick and morty swiftui";
			};
			name = Release;
		};
		D4BD15352C4C0FFD0044396E /* Debug */ = {
			isa = XCBuildConfiguration;
			buildSettings = {
				ALWAYS_EMBED_SWIFT_STANDARD_LIBRARIES = YES;
				CODE_SIGN_STYLE = Automatic;
				CURRENT_PROJECT_VERSION = 1;
				GENERATE_INFOPLIST_FILE = YES;
				MARKETING_VERSION = 1.0;
				PRODUCT_BUNDLE_IDENTIFIER = "io.davidosemwota.rick-and-morty-swiftuiUITests";
				PRODUCT_NAME = "$(TARGET_NAME)";
				SWIFT_EMIT_LOC_STRINGS = NO;
				SWIFT_VERSION = 5.0;
				TARGETED_DEVICE_FAMILY = "1,2";
				TEST_TARGET_NAME = "rick and morty swiftui";
			};
			name = Debug;
		};
		D4BD15362C4C0FFD0044396E /* Release */ = {
			isa = XCBuildConfiguration;
			buildSettings = {
				ALWAYS_EMBED_SWIFT_STANDARD_LIBRARIES = YES;
				CODE_SIGN_STYLE = Automatic;
				CURRENT_PROJECT_VERSION = 1;
				GENERATE_INFOPLIST_FILE = YES;
				MARKETING_VERSION = 1.0;
				PRODUCT_BUNDLE_IDENTIFIER = "io.davidosemwota.rick-and-morty-swiftuiUITests";
				PRODUCT_NAME = "$(TARGET_NAME)";
				SWIFT_EMIT_LOC_STRINGS = NO;
				SWIFT_VERSION = 5.0;
				TARGETED_DEVICE_FAMILY = "1,2";
				TEST_TARGET_NAME = "rick and morty swiftui";
			};
			name = Release;
		};
/* End XCBuildConfiguration section */

/* Begin XCConfigurationList section */
		D4BD15032C4C0FFC0044396E /* Build configuration list for PBXProject "rick and morty swiftui" */ = {
			isa = XCConfigurationList;
			buildConfigurations = (
				D4BD152C2C4C0FFD0044396E /* Debug */,
				D4BD152D2C4C0FFD0044396E /* Release */,
			);
			defaultConfigurationIsVisible = 0;
			defaultConfigurationName = Release;
		};
		D4BD152E2C4C0FFD0044396E /* Build configuration list for PBXNativeTarget "rick and morty swiftui" */ = {
			isa = XCConfigurationList;
			buildConfigurations = (
				D4BD152F2C4C0FFD0044396E /* Debug */,
				D4BD15302C4C0FFD0044396E /* Release */,
			);
			defaultConfigurationIsVisible = 0;
			defaultConfigurationName = Release;
		};
		D4BD15312C4C0FFD0044396E /* Build configuration list for PBXNativeTarget "rick and morty swiftuiTests" */ = {
			isa = XCConfigurationList;
			buildConfigurations = (
				D4BD15322C4C0FFD0044396E /* Debug */,
				D4BD15332C4C0FFD0044396E /* Release */,
			);
			defaultConfigurationIsVisible = 0;
			defaultConfigurationName = Release;
		};
		D4BD15342C4C0FFD0044396E /* Build configuration list for PBXNativeTarget "rick and morty swiftuiUITests" */ = {
			isa = XCConfigurationList;
			buildConfigurations = (
				D4BD15352C4C0FFD0044396E /* Debug */,
				D4BD15362C4C0FFD0044396E /* Release */,
			);
			defaultConfigurationIsVisible = 0;
			defaultConfigurationName = Release;
		};
/* End XCConfigurationList section */
	};
	rootObject = D4BD15002C4C0FFC0044396E /* Project object */;
}
